
Microsoft Visual Studio Solution File, Format Version 12.00
# Visual Studio Version 17
VisualStudioVersion = 17.1.32228.430
MinimumVisualStudioVersion = 10.0.40219.1
Project("{9A19103F-16F7-4668-BE54-9A1E7A4F7556}") = "AggregateZonesWithDemand", "AggregateZonesWithDemand\AggregateZonesWithDemand.csproj", "{BDC24EEF-2312-43F2-8D2A-C86E763AEBA8}"
EndProject
Project("{9A19103F-16F7-4668-BE54-9A1E7A4F7556}") = "CreateODMatrixFromPath", "CreateODMatrixFromPath\CreateODMatrixFromPath.csproj", "{3DF77076-D087-49C6-920C-055991118870}"
EndProject
Project("{9A19103F-16F7-4668-BE54-9A1E7A4F7556}") = "CreateMainZonesAccordingToStopPoint", "CreateMainZonesAccordingToStopPoint\CreateMainZonesAccordingToStopPoint.csproj", "{7A041A49-6519-4768-A563-41C93F08C090}"
EndProject
Global
	GlobalSection(SolutionConfigurationPlatforms) = preSolution
		Debug|Any CPU = Debug|Any CPU
		Release|Any CPU = Release|Any CPU
	EndGlobalSection
	GlobalSection(ProjectConfigurationPlatforms) = postSolution
		{BDC24EEF-2312-43F2-8D2A-C86E763AEBA8}.Debug|Any CPU.ActiveCfg = Debug|Any CPU
		{BDC24EEF-2312-43F2-8D2A-C86E763AEBA8}.Debug|Any CPU.Build.0 = Debug|Any CPU
		{BDC24EEF-2312-43F2-8D2A-C86E763AEBA8}.Release|Any CPU.ActiveCfg = Release|Any CPU
		{BDC24EEF-2312-43F2-8D2A-C86E763AEBA8}.Release|Any CPU.Build.0 = Release|Any CPU
		{3DF77076-D087-49C6-920C-055991118870}.Debug|Any CPU.ActiveCfg = Debug|Any CPU
		{3DF77076-D087-49C6-920C-055991118870}.Debug|Any CPU.Build.0 = Debug|Any CPU
		{3DF77076-D087-49C6-920C-055991118870}.Release|Any CPU.ActiveCfg = Release|Any CPU
		{3DF77076-D087-49C6-920C-055991118870}.Release|Any CPU.Build.0 = Release|Any CPU
		{7A041A49-6519-4768-A563-41C93F08C090}.Debug|Any CPU.ActiveCfg = Debug|Any CPU
		{7A041A49-6519-4768-A563-41C93F08C090}.Debug|Any CPU.Build.0 = Debug|Any CPU
		{7A041A49-6519-4768-A563-41C93F08C090}.Release|Any CPU.ActiveCfg = Release|Any CPU
		{7A041A49-6519-4768-A563-41C93F08C090}.Release|Any CPU.Build.0 = Release|Any CPU
	EndGlobalSection
	GlobalSection(SolutionProperties) = preSolution
		HideSolutionNode = FALSE
	EndGlobalSection
	GlobalSection(ExtensibilityGlobals) = postSolution
		SolutionGuid = {961D61E2-7ACB-4AC4-B969-AA3D97084971}
	EndGlobalSection
EndGlobal
